
Microsoft Visual Studio Solution File, Format Version 12.00
# Visual Studio 15
VisualStudioVersion = 15.0.27004.2010
MinimumVisualStudioVersion = 10.0.40219.1
Project("{FAE04EC0-301F-11D3-BF4B-00C04F79EFBC}") = "FantasyGroundsClassEditor", "FantasyGroundsClassEditor\FantasyGroundsClassEditor.csproj", "{651D6CD6-B6DA-4DD4-8890-6ABDED1EC28A}"
EndProject
Global
	GlobalSection(SolutionConfigurationPlatforms) = preSolution
		Debug|Any CPU = Debug|Any CPU
		Release|Any CPU = Release|Any CPU
	EndGlobalSection
	GlobalSection(ProjectConfigurationPlatforms) = postSolution
		{651D6CD6-B6DA-4DD4-8890-6ABDED1EC28A}.Debug|Any CPU.ActiveCfg = Debug|Any CPU
		{651D6CD6-B6DA-4DD4-8890-6ABDED1EC28A}.Debug|Any CPU.Build.0 = Debug|Any CPU
		{651D6CD6-B6DA-4DD4-8890-6ABDED1EC28A}.Release|Any CPU.ActiveCfg = Release|Any CPU
		{651D6CD6-B6DA-4DD4-8890-6ABDED1EC28A}.Release|Any CPU.Build.0 = Release|Any CPU
	EndGlobalSection
	GlobalSection(SolutionProperties) = preSolution
		HideSolutionNode = FALSE
	EndGlobalSection
	GlobalSection(ExtensibilityGlobals) = postSolution
		SolutionGuid = {E0CEC586-B23B-4D9C-AB8C-82D2BF3A30BE}
	EndGlobalSection
EndGlobal
